# THIS IS AN AUTOGENERATED FILE. DO NOT EDIT THIS FILE DIRECTLY.
# yarn lockfile v1


"@types/node@^10.5.2":
  version "10.17.35"
  resolved "https://registry.yarnpkg.com/@types/node/-/node-10.17.35.tgz#58058f29b870e6ae57b20e4f6e928f02b7129f56"
  integrity sha512-gXx7jAWpMddu0f7a+L+txMplp3FnHl53OhQIF9puXKq3hDGY/GjH+MF04oWnV/adPSCrbtHumDCFwzq2VhltWA==

btoa@^1.2.1:
  version "1.2.1"
  resolved "https://registry.yarnpkg.com/btoa/-/btoa-1.2.1.tgz#01a9909f8b2c93f6bf680ba26131eb30f7fa3d73"
  integrity sha512-SB4/MIGlsiVkMcHmT+pSmIPoNDoHg+7cMzmt3Uxt628MTz2487DKSqK/fuhFBrkuqrYv5UCEnACpF4dTFNKc/g==

lzma@^2.3.2:
  version "2.3.2"
  resolved "https://registry.yarnpkg.com/lzma/-/lzma-2.3.2.tgz#3783b24858b9c0e747a0df3cbf1fb5fcaa92c441"
  integrity sha1-N4OySFi5wOdHoN88vx+1/KqSxEE=

markdown-table@^1.1.2:
  version "1.1.3"
  resolved "https://registry.yarnpkg.com/markdown-table/-/markdown-table-1.1.3.tgz#9fcb69bcfdb8717bfd0398c6ec2d93036ef8de60"
  integrity sha512-1RUZVgQlpJSPWYbFSpmudq5nHY1doEIv89gBtF0s4gW1GF2XorxcA/70M5vq7rLv0a6mhOUccRsqkwhwLCIQ2Q==
